Microsoft Visual Studio Solution File, Format Version 12.00
# Visual Studio Version 17
VisualStudioVersion = 17.7.34221.43
MinimumVisualStudioVersion = 10.0.40219.1
Project("{FAE04EC0-301F-11D3-BF4B-00C04F79EFBC}") = "DotNetFramework", "DotNetFramework\DotNetFramework.csproj", "{4C8CC7A6-458E-42CD-86D5-72BD43F25688}"
EndProject
Project("{FAE04EC0-301F-11D3-BF4B-00C04F79EFBC}") = "Dnf.Communication", "Dnf.Communication\Dnf.Communication.csproj", "{51E53D22-AD2C-4C18-99D5-6B6D73FDD404}"
EndProject
Project("{FAE04EC0-301F-11D3-BF4B-00C04F79EFBC}") = "Dnf.Utils", "Dnf.Utils\Dnf.Utils.csproj", "{4C5EA9DD-25AA-4820-97D7-2575C955922A}"
EndProject
Global
	GlobalSection(SolutionConfigurationPlatforms) = preSolution
		Debug|Any CPU = Debug|Any CPU
		Release|Any CPU = Release|Any CPU
	EndGlobalSection
	GlobalSection(ProjectConfigurationPlatforms) = postSolution
		{4C8CC7A6-458E-42CD-86D5-72BD43F25688}.Debug|Any CPU.ActiveCfg = Debug|Any CPU
		{4C8CC7A6-458E-42CD-86D5-72BD43F25688}.Debug|Any CPU.Build.0 = Debug|Any CPU
		{4C8CC7A6-458E-42CD-86D5-72BD43F25688}.Release|Any CPU.ActiveCfg = Release|Any CPU
		{4C8CC7A6-458E-42CD-86D5-72BD43F25688}.Release|Any CPU.Build.0 = Release|Any CPU
		{51E53D22-AD2C-4C18-99D5-6B6D73FDD404}.Debug|Any CPU.ActiveCfg = Debug|Any CPU
		{51E53D22-AD2C-4C18-99D5-6B6D73FDD404}.Debug|Any CPU.Build.0 = Debug|Any CPU
		{51E53D22-AD2C-4C18-99D5-6B6D73FDD404}.Release|Any CPU.ActiveCfg = Release|Any CPU
		{51E53D22-AD2C-4C18-99D5-6B6D73FDD404}.Release|Any CPU.Build.0 = Release|Any CPU
		{4C5EA9DD-25AA-4820-97D7-2575C955922A}.Debug|Any CPU.ActiveCfg = Debug|Any CPU
		{4C5EA9DD-25AA-4820-97D7-2575C955922A}.Debug|Any CPU.Build.0 = Debug|Any CPU
		{4C5EA9DD-25AA-4820-97D7-2575C955922A}.Release|Any CPU.ActiveCfg = Release|Any CPU
		{4C5EA9DD-25AA-4820-97D7-2575C955922A}.Release|Any CPU.Build.0 = Release|Any CPU
	EndGlobalSection
	GlobalSection(SolutionProperties) = preSolution
		HideSolutionNode = FALSE
	EndGlobalSection
	GlobalSection(ExtensibilityGlobals) = postSolution
		SolutionGuid = {EB78F829-1575-492B-875B-E53D4B75C0C9}
	EndGlobalSection
	GlobalSection(MonoDevelopProperties) = preSolution
		StartupItem = Assembly-CSharp.csproj
	EndGlobalSection
EndGlobal
